
Microsoft Visual Studio Solution File, Format Version 12.00
# Visual Studio Version 16
VisualStudioVersion = 16.0.29418.71
MinimumVisualStudioVersion = 10.0.40219.1
Project("{2150E333-8FDC-42A3-9474-1A3956D46DE8}") = "Microservices", "Microservices", "{ACE5B641-C69C-4CD2-BD5F-CF9D7ED0DF2F}"
EndProject
Project("{2150E333-8FDC-42A3-9474-1A3956D46DE8}") = "Domain", "Domain", "{47C61F77-058A-435E-A602-297D8771667A}"
EndProject
Project("{2150E333-8FDC-42A3-9474-1A3956D46DE8}") = "Infra.Bus", "Infra.Bus", "{85037496-CA26-42BF-BE5F-2EEE035AAB0E}"
EndProject
Project("{2150E333-8FDC-42A3-9474-1A3956D46DE8}") = "Infra.IoC", "Infra.IoC", "{D7759794-6706-4119-8905-66AC8F63ADA9}"
EndProject
Project("{2150E333-8FDC-42A3-9474-1A3956D46DE8}") = "Presentation", "Presentation", "{F25BEDFB-EA0C-4A01-ADA2-0E7A60E1D4B5}"
EndProject
Project("{FAE04EC0-301F-11D3-BF4B-00C04F79EFBC}") = "MicroRabbit.Domain.Core", "MicroRabbit.Domain.Core\MicroRabbit.Domain.Core.csproj", "{DC4864BD-E0FD-4CA7-94A7-A345B3CA6B59}"
EndProject
Global
	GlobalSection(SolutionConfigurationPlatforms) = preSolution
		Debug|Any CPU = Debug|Any CPU
		Release|Any CPU = Release|Any CPU
	EndGlobalSection
	GlobalSection(ProjectConfigurationPlatforms) = postSolution
		{DC4864BD-E0FD-4CA7-94A7-A345B3CA6B59}.Debug|Any CPU.ActiveCfg = Debug|Any CPU
		{DC4864BD-E0FD-4CA7-94A7-A345B3CA6B59}.Debug|Any CPU.Build.0 = Debug|Any CPU
		{DC4864BD-E0FD-4CA7-94A7-A345B3CA6B59}.Release|Any CPU.ActiveCfg = Release|Any CPU
		{DC4864BD-E0FD-4CA7-94A7-A345B3CA6B59}.Release|Any CPU.Build.0 = Release|Any CPU
	EndGlobalSection
	GlobalSection(SolutionProperties) = preSolution
		HideSolutionNode = FALSE
	EndGlobalSection
	GlobalSection(NestedProjects) = preSolution
		{DC4864BD-E0FD-4CA7-94A7-A345B3CA6B59} = {47C61F77-058A-435E-A602-297D8771667A}
	EndGlobalSection
	GlobalSection(ExtensibilityGlobals) = postSolution
		SolutionGuid = {EC43228C-84C6-409D-A6D3-31FF0AA4DA0E}
	EndGlobalSection
EndGlobal
